
Microsoft Visual Studio Solution File, Format Version 11.00
# Visual Studio 2010
Project("{FAE04EC0-301F-11D3-BF4B-00C04F79EFBC}") = "MiniUIExtension", "MiniUIExtension.csproj", "{139E4EF6-7DFA-4841-83DA-94FE0232BD89}"
EndProject
Project("{FAE04EC0-301F-11D3-BF4B-00C04F79EFBC}") = "MvcApplication1", "..\MvcApplication1\MvcApplication1.csproj", "{3E492194-C310-4059-AA4A-E73155575B4D}"
EndProject
Global
	GlobalSection(SolutionConfigurationPlatforms) = preSolution
		Debug|Any CPU = Debug|Any CPU
		Release|Any CPU = Release|Any CPU
	EndGlobalSection
	GlobalSection(ProjectConfigurationPlatforms) = postSolution
		{139E4EF6-7DFA-4841-83DA-94FE0232BD89}.Debug|Any CPU.ActiveCfg = Debug|Any CPU
		{139E4EF6-7DFA-4841-83DA-94FE0232BD89}.Debug|Any CPU.Build.0 = Debug|Any CPU
		{139E4EF6-7DFA-4841-83DA-94FE0232BD89}.Release|Any CPU.ActiveCfg = Release|Any CPU
		{139E4EF6-7DFA-4841-83DA-94FE0232BD89}.Release|Any CPU.Build.0 = Release|Any CPU
		{3E492194-C310-4059-AA4A-E73155575B4D}.Debug|Any CPU.ActiveCfg = Debug|Any CPU
		{3E492194-C310-4059-AA4A-E73155575B4D}.Debug|Any CPU.Build.0 = Debug|Any CPU
		{3E492194-C310-4059-AA4A-E73155575B4D}.Release|Any CPU.ActiveCfg = Release|Any CPU
		{3E492194-C310-4059-AA4A-E73155575B4D}.Release|Any CPU.Build.0 = Release|Any CPU
	EndGlobalSection
	GlobalSection(SolutionProperties) = preSolution
		HideSolutionNode = FALSE
	EndGlobalSection
EndGlobal
